{
  "name": "sitest",
  "version": "0.1.0",
  "lockfileVersion": 1,
  "requires": true,
  "dependencies": {
    "systeminformation": {
      "version": "3.41.1",
      "resolved": "https://registry.npmjs.org/systeminformation/-/systeminformation-3.41.1.tgz",
      "integrity": "sha512-SXIM8+Jxpl+a3fSGQhqdzzsUbpPJ1DDQi889Q2lEBwCLoUGqQp12AfD/fNdbKnl2Sqv1l/yyG126tf2Sozo09g=="
    }
  }
}
